{
    "version": 3,
    "terraform_version": "0.11.11",
    "serial": 13,
    "lineage": "6b3d208f-f0da-7560-1af9-1d553acc74e2",
    "modules": [
        {
            "path": [
                "root"
            ],
            "outputs": {},
            "resources": {},
            "depends_on": []
        },
        {
            "path": [
                "root",
                "awsconfig"
            ],
            "outputs": {},
            "resources": {
                "aws_organizations_policy.deny_aws_config_rules_delete": {
                    "type": "aws_organizations_policy",
                    "depends_on": [],
                    "primary": {
                        "id": "p-siim316f",
                        "attributes": {
                            "arn": "arn:aws:organizations::324537870552:policy/o-w3okx14303/service_control_policy/p-siim316f",
                            "content": "{\n  \"Version\": \"2012-10-17\",\n  \"Statement\": [\n    {\n      \"Effect\": \"Deny\",\n      \"Action\": [\n        \"config:DeleteConfigRule\",\n        \"config:DeleteConfigurationRecorder\",\n        \"config:DeleteDeliveryChannel\",\n        \"config:StopConfigurationRecorder\"\n      ],\n      \"Resource\": \"*\"\n    }\n  ]\n}\n",
                            "description": "Deny the ability to delete AWS Config Rules",
                            "id": "p-siim316f",
                            "name": "Deny Config Rules Delete",
                            "type": "SERVICE_CONTROL_POLICY"
                        },
                        "meta": {},
                        "tainted": false
                    },
                    "deposed": [],
                    "provider": "provider.aws"
                },
                "aws_organizations_policy_attachment.deny_aws_config_rules_delete_attachment": {
                    "type": "aws_organizations_policy_attachment",
                    "depends_on": [
                        "aws_organizations_policy.deny_aws_config_rules_delete"
                    ],
                    "primary": {
                        "id": "610124801510:p-siim316f",
                        "attributes": {
                            "id": "610124801510:p-siim316f",
                            "policy_id": "p-siim316f",
                            "target_id": "610124801510"
                        },
                        "meta": {},
                        "tainted": false
                    },
                    "deposed": [],
                    "provider": "provider.aws"
                }
            },
            "depends_on": []
        },
        {
            "path": [
                "root",
                "cloudtrail"
            ],
            "outputs": {},
            "resources": {
                "aws_organizations_policy.deny_cloudtrail_delete": {
                    "type": "aws_organizations_policy",
                    "depends_on": [],
                    "primary": {
                        "id": "p-mud33v7l",
                        "attributes": {
                            "arn": "arn:aws:organizations::324537870552:policy/o-w3okx14303/service_control_policy/p-mud33v7l",
                            "content": "{\n  \"Version\": \"2012-10-17\",\n  \"Statement\": [\n    {\n    \"Effect\": \"Deny\",\n    \"Action\": \"cloudtrail:DeleteTrail\",\n    \"Resource\": \"*\"\n    }\n  ]\n}\n",
                            "description": "Deny the ability to delete CloudTrails",
                            "id": "p-mud33v7l",
                            "name": "Deny CloudTrail Delete",
                            "type": "SERVICE_CONTROL_POLICY"
                        },
                        "meta": {},
                        "tainted": false
                    },
                    "deposed": [],
                    "provider": "provider.aws"
                },
                "aws_organizations_policy_attachment.deny_cloudtrail_delete_attachment": {
                    "type": "aws_organizations_policy_attachment",
                    "depends_on": [
                        "aws_organizations_policy.deny_cloudtrail_delete"
                    ],
                    "primary": {
                        "id": "610124801510:p-mud33v7l",
                        "attributes": {
                            "id": "610124801510:p-mud33v7l",
                            "policy_id": "p-mud33v7l",
                            "target_id": "610124801510"
                        },
                        "meta": {},
                        "tainted": false
                    },
                    "deposed": [],
                    "provider": "provider.aws"
                }
            },
            "depends_on": []
        },
        {
            "path": [
                "root",
                "guardduty"
            ],
            "outputs": {},
            "resources": {
                "aws_organizations_policy.deny_guardduty_disassociate": {
                    "type": "aws_organizations_policy",
                    "depends_on": [],
                    "primary": {
                        "id": "p-13y3ok2s",
                        "attributes": {
                            "arn": "arn:aws:organizations::324537870552:policy/o-w3okx14303/service_control_policy/p-13y3ok2s",
                            "content": "{\n  \"Version\": \"2012-10-17\",\n  \"Statement\": [\n    {\n            \"Effect\": \"Deny\",\n            \"Action\": \"guardduty:DisassociateFromMasterAccount\",\n            \"Resource\": \"*\"\n    }\n  ]\n }\n",
                            "description": "Deny the ability to disassociate a GuardDuty member.",
                            "id": "p-13y3ok2s",
                            "name": "Deny GuardDuty Disassociation",
                            "type": "SERVICE_CONTROL_POLICY"
                        },
                        "meta": {},
                        "tainted": false
                    },
                    "deposed": [],
                    "provider": "provider.aws"
                },
                "aws_organizations_policy_attachment.deny_guardduty_disassociate_attachment": {
                    "type": "aws_organizations_policy_attachment",
                    "depends_on": [
                        "aws_organizations_policy.deny_guardduty_disassociate"
                    ],
                    "primary": {
                        "id": "610124801510:p-13y3ok2s",
                        "attributes": {
                            "id": "610124801510:p-13y3ok2s",
                            "policy_id": "p-13y3ok2s",
                            "target_id": "610124801510"
                        },
                        "meta": {},
                        "tainted": false
                    },
                    "deposed": [],
                    "provider": "provider.aws"
                }
            },
            "depends_on": []
        },
        {
            "path": [
                "root",
                "vpc"
            ],
            "outputs": {},
            "resources": {
                "aws_organizations_policy.deny_vpc_flow_logs_delete": {
                    "type": "aws_organizations_policy",
                    "depends_on": [],
                    "primary": {
                        "id": "p-2ayx4mec",
                        "attributes": {
                            "arn": "arn:aws:organizations::324537870552:policy/o-w3okx14303/service_control_policy/p-2ayx4mec",
                            "content": "{\n  \"Version\": \"2012-10-17\",\n  \"Statement\": [\n    {\n      \"Effect\": \"Deny\",\n      \"Action\": [\n        \"ec2:DeleteFlowLogs\",\n        \"logs:DeleteLogGroup\",\n        \"logs:DeleteLogStream\"\n      ],\n      \"Resource\": \"*\"\n    }\n  ]\n }\n",
                            "description": "Deny the ability to delete VPC Flow Logs",
                            "id": "p-2ayx4mec",
                            "name": "Deny Flow Logs Deletion",
                            "type": "SERVICE_CONTROL_POLICY"
                        },
                        "meta": {},
                        "tainted": false
                    },
                    "deposed": [],
                    "provider": "provider.aws"
                },
                "aws_organizations_policy_attachment.deny_vpc_flow_logs_delete_attachment": {
                    "type": "aws_organizations_policy_attachment",
                    "depends_on": [
                        "aws_organizations_policy.deny_vpc_flow_logs_delete"
                    ],
                    "primary": {
                        "id": "610124801510:p-2ayx4mec",
                        "attributes": {
                            "id": "610124801510:p-2ayx4mec",
                            "policy_id": "p-2ayx4mec",
                            "target_id": "610124801510"
                        },
                        "meta": {},
                        "tainted": false
                    },
                    "deposed": [],
                    "provider": "provider.aws"
                }
            },
            "depends_on": []
        }
    ]
}
